{
  "name": "wallpaper",
  "version": "0.0.1",
  "lockfileVersion": 1,
  "requires": true,
  "dependencies": {
    "@types/node": {
      "version": "8.9.4",
      "resolved": "https://registry.npmjs.org/@types/node/-/node-8.9.4.tgz",
      "integrity": "sha512-dSvD36qnQs78G1BPsrZFdPpvLgMW/dnvr5+nTW2csMs5TiP9MOXrjUbnMZOEwnIuBklXtn7b6TPA2Cuq07bDHA==",
      "dev": true
    }
  }
}
